// !$*UTF8*$!
{
	archiveVersion = 1;
	classes = {
	};
	objectVersion = 50;
	objects = {

/* Begin PBXBuildFile section */
		987BE82433A1026F2B7D5316 /* Pods_bankmidtest.framework in Frameworks */ = {isa = PBXBuildFile; fileRef = A6279FCB2BC245ABE0D3E39E /* Pods_bankmidtest.framework */; };
		B790CEAFB08B2E94A5893789 /* Pods_bankmidtestUITests.framework in Frameworks */ = {isa = PBXBuildFile; fileRef = 3CB9C6DD2377A13FA89C2EDF /* Pods_bankmidtestUITests.framework */; };
		DC07C9D8EBA5BFEB9D714B85 /* Pods_bankmidtestTests.framework in Frameworks */ = {isa = PBXBuildFile; fileRef = 5C6D8DDFE5A876A2962F6A8E /* Pods_bankmidtestTests.framework */; };
		F707421121A4DCB800201115 /* LoginViewController.swift in Sources */ = {isa = PBXBuildFile; fileRef = F707421021A4DCB800201115 /* LoginViewController.swift */; };
		F7480F6721A1E76B00FFC74C /* AppDelegate.swift in Sources */ = {isa = PBXBuildFile; fileRef = F7480F6621A1E76B00FFC74C /* AppDelegate.swift */; };
		F7480F6921A1E76B00FFC74C /* ViewController.swift in Sources */ = {isa = PBXBuildFile; fileRef = F7480F6821A1E76B00FFC74C /* ViewController.swift */; };
		F7480F6C21A1E76B00FFC74C /* Main.storyboard in Resources */ = {isa = PBXBuildFile; fileRef = F7480F6A21A1E76B00FFC74C /* Main.storyboard */; };
		F7480F6E21A1E76D00FFC74C /* Assets.xcassets in Resources */ = {isa = PBXBuildFile; fileRef = F7480F6D21A1E76D00FFC74C /* Assets.xcassets */; };
		F7480F7121A1E76D00FFC74C /* LaunchScreen.storyboard in Resources */ = {isa = PBXBuildFile; fileRef = F7480F6F21A1E76D00FFC74C /* LaunchScreen.storyboard */; };
		F7480F7C21A1E76D00FFC74C /* bankmidtestTests.swift in Sources */ = {isa = PBXBuildFile; fileRef = F7480F7B21A1E76D00FFC74C /* bankmidtestTests.swift */; };
		F7480F8721A1E76D00FFC74C /* bankmidtestUITests.swift in Sources */ = {isa = PBXBuildFile; fileRef = F7480F8621A1E76D00FFC74C /* bankmidtestUITests.swift */; };
		F7480F9521A1E7B300FFC74C /* ClientRequestHandler.swift in Sources */ = {isa = PBXBuildFile; fileRef = F7480F9421A1E7B300FFC74C /* ClientRequestHandler.swift */; };
		F79EC3AD21A2039C005C10AF /* Marshaller.swift in Sources */ = {isa = PBXBuildFile; fileRef = F79EC3AC21A2039C005C10AF /* Marshaller.swift */; };
		F79EC3B021A20723005C10AF /* Requestor.swift in Sources */ = {isa = PBXBuildFile; fileRef = F79EC3AF21A20723005C10AF /* Requestor.swift */; };
		F79EC3B221A2FC72005C10AF /* BankProxy.swift in Sources */ = {isa = PBXBuildFile; fileRef = F79EC3B121A2FC72005C10AF /* BankProxy.swift */; };
		F79EC3B421A2FCBA005C10AF /* Constants.swift in Sources */ = {isa = PBXBuildFile; fileRef = F79EC3B321A2FCBA005C10AF /* Constants.swift */; };
		F79EC3B621A397DE005C10AF /* Cryptografer.swift in Sources */ = {isa = PBXBuildFile; fileRef = F79EC3B521A397DD005C10AF /* Cryptografer.swift */; };
/* End PBXBuildFile section */

/* Begin PBXContainerItemProxy section */
		F7480F7821A1E76D00FFC74C /* PBXContainerItemProxy */ = {
			isa = PBXContainerItemProxy;
			containerPortal = F7480F5B21A1E76B00FFC74C /* Project object */;
			proxyType = 1;
			remoteGlobalIDString = F7480F6221A1E76B00FFC74C;
			remoteInfo = bankmidtest;
		};
		F7480F8321A1E76D00FFC74C /* PBXContainerItemProxy */ = {
			isa = PBXContainerItemProxy;
			containerPortal = F7480F5B21A1E76B00FFC74C /* Project object */;
			proxyType = 1;
			remoteGlobalIDString = F7480F6221A1E76B00FFC74C;
			remoteInfo = bankmidtest;
		};
/* End PBXContainerItemProxy section */

/* Begin PBXFileReference section */
		29640EFC4D9ADF5376EB2850 /* Pods-bankmidtestUITests.debug.xcconfig */ = {isa = PBXFileReference; includeInIndex = 1; lastKnownFileType = text.xcconfig; name = "Pods-bankmidtestUITests.debug.xcconfig"; path = "Pods/Target Support Files/Pods-bankmidtestUITests/Pods-bankmidtestUITests.debug.xcconfig"; sourceTree = "<group>"; };
		2AD56BDE2A619BE061B5E0D4 /* Pods-bankmidtestTests.debug.xcconfig */ = {isa = PBXFileReference; includeInIndex = 1; lastKnownFileType = text.xcconfig; name = "Pods-bankmidtestTests.debug.xcconfig"; path = "Pods/Target Support Files/Pods-bankmidtestTests/Pods-bankmidtestTests.debug.xcconfig"; sourceTree = "<group>"; };
		3CB9C6DD2377A13FA89C2EDF /* Pods_bankmidtestUITests.framework */ = {isa = PBXFileReference; explicitFileType = wrapper.framework; includeInIndex = 0; path = Pods_bankmidtestUITests.framework; sourceTree = BUILT_PRODUCTS_DIR; };
		5C6D8DDFE5A876A2962F6A8E /* Pods_bankmidtestTests.framework */ = {isa = PBXFileReference; explicitFileType = wrapper.framework; includeInIndex = 0; path = Pods_bankmidtestTests.framework; sourceTree = BUILT_PRODUCTS_DIR; };
		7A0857AED54224B2D44650DC /* Pods-bankmidtestUITests.release.xcconfig */ = {isa = PBXFileReference; includeInIndex = 1; lastKnownFileType = text.xcconfig; name = "Pods-bankmidtestUITests.release.xcconfig"; path = "Pods/Target Support Files/Pods-bankmidtestUITests/Pods-bankmidtestUITests.release.xcconfig"; sourceTree = "<group>"; };
		A6279FCB2BC245ABE0D3E39E /* Pods_bankmidtest.framework */ = {isa = PBXFileReference; explicitFileType = wrapper.framework; includeInIndex = 0; path = Pods_bankmidtest.framework; sourceTree = BUILT_PRODUCTS_DIR; };
		ABAC7C67E8E25902DFD99F29 /* Pods-bankmidtest.release.xcconfig */ = {isa = PBXFileReference; includeInIndex = 1; lastKnownFileType = text.xcconfig; name = "Pods-bankmidtest.release.xcconfig"; path = "Pods/Target Support Files/Pods-bankmidtest/Pods-bankmidtest.release.xcconfig"; sourceTree = "<group>"; };
		DCC5C9743056BB1A9880ABDA /* Pods-bankmidtestTests.release.xcconfig */ = {isa = PBXFileReference; includeInIndex = 1; lastKnownFileType = text.xcconfig; name = "Pods-bankmidtestTests.release.xcconfig"; path = "Pods/Target Support Files/Pods-bankmidtestTests/Pods-bankmidtestTests.release.xcconfig"; sourceTree = "<group>"; };
		E060F61AA5B12D172D3E2D23 /* Pods-bankmidtest.debug.xcconfig */ = {isa = PBXFileReference; includeInIndex = 1; lastKnownFileType = text.xcconfig; name = "Pods-bankmidtest.debug.xcconfig"; path = "Pods/Target Support Files/Pods-bankmidtest/Pods-bankmidtest.debug.xcconfig"; sourceTree = "<group>"; };
		F707421021A4DCB800201115 /* LoginViewController.swift */ = {isa = PBXFileReference; lastKnownFileType = sourcecode.swift; path = LoginViewController.swift; sourceTree = "<group>"; };
		F7480F6321A1E76B00FFC74C /* bankmidtest.app */ = {isa = PBXFileReference; explicitFileType = wrapper.application; includeInIndex = 0; path = bankmidtest.app; sourceTree = BUILT_PRODUCTS_DIR; };
		F7480F6621A1E76B00FFC74C /* AppDelegate.swift */ = {isa = PBXFileReference; lastKnownFileType = sourcecode.swift; path = AppDelegate.swift; sourceTree = "<group>"; };
		F7480F6821A1E76B00FFC74C /* ViewController.swift */ = {isa = PBXFileReference; lastKnownFileType = sourcecode.swift; path = ViewController.swift; sourceTree = "<group>"; };
		F7480F6B21A1E76B00FFC74C /* Base */ = {isa = PBXFileReference; lastKnownFileType = file.storyboard; name = Base; path = Base.lproj/Main.storyboard; sourceTree = "<group>"; };
		F7480F6D21A1E76D00FFC74C /* Assets.xcassets */ = {isa = PBXFileReference; lastKnownFileType = folder.assetcatalog; path = Assets.xcassets; sourceTree = "<group>"; };
		F7480F7021A1E76D00FFC74C /* Base */ = {isa = PBXFileReference; lastKnownFileType = file.storyboard; name = Base; path = Base.lproj/LaunchScreen.storyboard; sourceTree = "<group>"; };
		F7480F7221A1E76D00FFC74C /* Info.plist */ = {isa = PBXFileReference; lastKnownFileType = text.plist.xml; path = Info.plist; sourceTree = "<group>"; };
		F7480F7721A1E76D00FFC74C /* bankmidtestTests.xctest */ = {isa = PBXFileReference; explicitFileType = wrapper.cfbundle; includeInIndex = 0; path = bankmidtestTests.xctest; sourceTree = BUILT_PRODUCTS_DIR; };
		F7480F7B21A1E76D00FFC74C /* bankmidtestTests.swift */ = {isa = PBXFileReference; lastKnownFileType = sourcecode.swift; path = bankmidtestTests.swift; sourceTree = "<group>"; };
		F7480F7D21A1E76D00FFC74C /* Info.plist */ = {isa = PBXFileReference; lastKnownFileType = text.plist.xml; path = Info.plist; sourceTree = "<group>"; };
		F7480F8221A1E76D00FFC74C /* bankmidtestUITests.xctest */ = {isa = PBXFileReference; explicitFileType = wrapper.cfbundle; includeInIndex = 0; path = bankmidtestUITests.xctest; sourceTree = BUILT_PRODUCTS_DIR; };
		F7480F8621A1E76D00FFC74C /* bankmidtestUITests.swift */ = {isa = PBXFileReference; lastKnownFileType = sourcecode.swift; path = bankmidtestUITests.swift; sourceTree = "<group>"; };
		F7480F8821A1E76D00FFC74C /* Info.plist */ = {isa = PBXFileReference; lastKnownFileType = text.plist.xml; path = Info.plist; sourceTree = "<group>"; };
		F7480F9421A1E7B300FFC74C /* ClientRequestHandler.swift */ = {isa = PBXFileReference; lastKnownFileType = sourcecode.swift; path = ClientRequestHandler.swift; sourceTree = "<group>"; };
		F79EC3AC21A2039C005C10AF /* Marshaller.swift */ = {isa = PBXFileReference; lastKnownFileType = sourcecode.swift; path = Marshaller.swift; sourceTree = "<group>"; };
		F79EC3AF21A20723005C10AF /* Requestor.swift */ = {isa = PBXFileReference; lastKnownFileType = sourcecode.swift; path = Requestor.swift; sourceTree = "<group>"; };
		F79EC3B121A2FC72005C10AF /* BankProxy.swift */ = {isa = PBXFileReference; lastKnownFileType = sourcecode.swift; path = BankProxy.swift; sourceTree = "<group>"; };
		F79EC3B321A2FCBA005C10AF /* Constants.swift */ = {isa = PBXFileReference; lastKnownFileType = sourcecode.swift; path = Constants.swift; sourceTree = "<group>"; };
		F79EC3B521A397DD005C10AF /* Cryptografer.swift */ = {isa = PBXFileReference; lastKnownFileType = sourcecode.swift; path = Cryptografer.swift; sourceTree = "<group>"; };
/* End PBXFileReference section */

/* Begin PBXFrameworksBuildPhase section */
		F7480F6021A1E76B00FFC74C /* Frameworks */ = {
			isa = PBXFrameworksBuildPhase;
			buildActionMask = 2147483647;
			files = (
				987BE82433A1026F2B7D5316 /* Pods_bankmidtest.framework in Frameworks */,
			);
			runOnlyForDeploymentPostprocessing = 0;
		};
		F7480F7421A1E76D00FFC74C /* Frameworks */ = {
			isa = PBXFrameworksBuildPhase;
			buildActionMask = 2147483647;
			files = (
				DC07C9D8EBA5BFEB9D714B85 /* Pods_bankmidtestTests.framework in Frameworks */,
			);
			runOnlyForDeploymentPostprocessing = 0;
		};
		F7480F7F21A1E76D00FFC74C /* Frameworks */ = {
			isa = PBXFrameworksBuildPhase;
			buildActionMask = 2147483647;
			files = (
				B790CEAFB08B2E94A5893789 /* Pods_bankmidtestUITests.framework in Frameworks */,
			);
			runOnlyForDeploymentPostprocessing = 0;
		};
/* End PBXFrameworksBuildPhase section */

/* Begin PBXGroup section */
		8C42C9326C9992B0DA059803 /* Pods */ = {
			isa = PBXGroup;
			children = (
				E060F61AA5B12D172D3E2D23 /* Pods-bankmidtest.debug.xcconfig */,
				ABAC7C67E8E25902DFD99F29 /* Pods-bankmidtest.release.xcconfig */,
				2AD56BDE2A619BE061B5E0D4 /* Pods-bankmidtestTests.debug.xcconfig */,
				DCC5C9743056BB1A9880ABDA /* Pods-bankmidtestTests.release.xcconfig */,
				29640EFC4D9ADF5376EB2850 /* Pods-bankmidtestUITests.debug.xcconfig */,
				7A0857AED54224B2D44650DC /* Pods-bankmidtestUITests.release.xcconfig */,
			);
			name = Pods;
			sourceTree = "<group>";
		};
		F7480F5A21A1E76B00FFC74C = {
			isa = PBXGroup;
			children = (
				F7480F6521A1E76B00FFC74C /* bankmidtest */,
				F7480F7A21A1E76D00FFC74C /* bankmidtestTests */,
				F7480F8521A1E76D00FFC74C /* bankmidtestUITests */,
				F7480F6421A1E76B00FFC74C /* Products */,
				8C42C9326C9992B0DA059803 /* Pods */,
				FCF6528183AB76F3495FC691 /* Frameworks */,
			);
			sourceTree = "<group>";
		};
		F7480F6421A1E76B00FFC74C /* Products */ = {
			isa = PBXGroup;
			children = (
				F7480F6321A1E76B00FFC74C /* bankmidtest.app */,
				F7480F7721A1E76D00FFC74C /* bankmidtestTests.xctest */,
				F7480F8221A1E76D00FFC74C /* bankmidtestUITests.xctest */,
			);
			name = Products;
			sourceTree = "<group>";
		};
		F7480F6521A1E76B00FFC74C /* bankmidtest */ = {
			isa = PBXGroup;
			children = (
				F707421021A4DCB800201115 /* LoginViewController.swift */,
				F7480F6621A1E76B00FFC74C /* AppDelegate.swift */,
				F7480F6821A1E76B00FFC74C /* ViewController.swift */,
				F79EC3AE21A205A4005C10AF /* bankmid */,
				F7480F6A21A1E76B00FFC74C /* Main.storyboard */,
				F7480F6D21A1E76D00FFC74C /* Assets.xcassets */,
				F7480F6F21A1E76D00FFC74C /* LaunchScreen.storyboard */,
				F7480F7221A1E76D00FFC74C /* Info.plist */,
			);
			path = bankmidtest;
			sourceTree = "<group>";
		};
		F7480F7A21A1E76D00FFC74C /* bankmidtestTests */ = {
			isa = PBXGroup;
			children = (
				F7480F7B21A1E76D00FFC74C /* bankmidtestTests.swift */,
				F7480F7D21A1E76D00FFC74C /* Info.plist */,
			);
			path = bankmidtestTests;
			sourceTree = "<group>";
		};
		F7480F8521A1E76D00FFC74C /* bankmidtestUITests */ = {
			isa = PBXGroup;
			children = (
				F7480F8621A1E76D00FFC74C /* bankmidtestUITests.swift */,
				F7480F8821A1E76D00FFC74C /* Info.plist */,
			);
			path = bankmidtestUITests;
			sourceTree = "<group>";
		};
		F79EC3AE21A205A4005C10AF /* bankmid */ = {
			isa = PBXGroup;
			children = (
				F7480F9421A1E7B300FFC74C /* ClientRequestHandler.swift */,
				F79EC3AC21A2039C005C10AF /* Marshaller.swift */,
				F79EC3AF21A20723005C10AF /* Requestor.swift */,
				F79EC3B121A2FC72005C10AF /* BankProxy.swift */,
				F79EC3B521A397DD005C10AF /* Cryptografer.swift */,
				F79EC3B321A2FCBA005C10AF /* Constants.swift */,
			);
			path = bankmid;
			sourceTree = "<group>";
		};
		FCF6528183AB76F3495FC691 /* Frameworks */ = {
			isa = PBXGroup;
			children = (
				A6279FCB2BC245ABE0D3E39E /* Pods_bankmidtest.framework */,
				5C6D8DDFE5A876A2962F6A8E /* Pods_bankmidtestTests.framework */,
				3CB9C6DD2377A13FA89C2EDF /* Pods_bankmidtestUITests.framework */,
			);
			name = Frameworks;
			sourceTree = "<group>";
		};
/* End PBXGroup section */

/* Begin PBXNativeTarget section */
		F7480F6221A1E76B00FFC74C /* bankmidtest */ = {
			isa = PBXNativeTarget;
			buildConfigurationList = F7480F8B21A1E76D00FFC74C /* Build configuration list for PBXNativeTarget "bankmidtest" */;
			buildPhases = (
				D00BED7310349E2A5C3DD242 /* [CP] Check Pods Manifest.lock */,
				F7480F5F21A1E76B00FFC74C /* Sources */,
				F7480F6021A1E76B00FFC74C /* Frameworks */,
				F7480F6121A1E76B00FFC74C /* Resources */,
				73ECE0D9FFF1DFADC1807841 /* [CP] Embed Pods Frameworks */,
			);
			buildRules = (
			);
			dependencies = (
			);
			name = bankmidtest;
			productName = bankmidtest;
			productReference = F7480F6321A1E76B00FFC74C /* bankmidtest.app */;
			productType = "com.apple.product-type.application";
		};
		F7480F7621A1E76D00FFC74C /* bankmidtestTests */ = {
			isa = PBXNativeTarget;
			buildConfigurationList = F7480F8E21A1E76D00FFC74C /* Build configuration list for PBXNativeTarget "bankmidtestTests" */;
			buildPhases = (
				7F17D4E88F7A96DFC24DBEB4 /* [CP] Check Pods Manifest.lock */,
				F7480F7321A1E76D00FFC74C /* Sources */,
				F7480F7421A1E76D00FFC74C /* Frameworks */,
				F7480F7521A1E76D00FFC74C /* Resources */,
			);
			buildRules = (
			);
			dependencies = (
				F7480F7921A1E76D00FFC74C /* PBXTargetDependency */,
			);
			name = bankmidtestTests;
			productName = bankmidtestTests;
			productReference = F7480F7721A1E76D00FFC74C /* bankmidtestTests.xctest */;
			productType = "com.apple.product-type.bundle.unit-test";
		};
		F7480F8121A1E76D00FFC74C /* bankmidtestUITests */ = {
			isa = PBXNativeTarget;
			buildConfigurationList = F7480F9121A1E76D00FFC74C /* Build configuration list for PBXNativeTarget "bankmidtestUITests" */;
			buildPhases = (
				24AA4F21E3C5D00758827D38 /* [CP] Check Pods Manifest.lock */,
				F7480F7E21A1E76D00FFC74C /* Sources */,
				F7480F7F21A1E76D00FFC74C /* Frameworks */,
				F7480F8021A1E76D00FFC74C /* Resources */,
			);
			buildRules = (
			);
			dependencies = (
				F7480F8421A1E76D00FFC74C /* PBXTargetDependency */,
			);
			name = bankmidtestUITests;
			productName = bankmidtestUITests;
			productReference = F7480F8221A1E76D00FFC74C /* bankmidtestUITests.xctest */;
			productType = "com.apple.product-type.bundle.ui-testing";
		};
/* End PBXNativeTarget section */

/* Begin PBXProject section */
		F7480F5B21A1E76B00FFC74C /* Project object */ = {
			isa = PBXProject;
			attributes = {
				LastSwiftUpdateCheck = 0940;
				LastUpgradeCheck = 0940;
				ORGANIZATIONNAME = "Junior Lima";
				TargetAttributes = {
					F7480F6221A1E76B00FFC74C = {
						CreatedOnToolsVersion = 9.4.1;
					};
					F7480F7621A1E76D00FFC74C = {
						CreatedOnToolsVersion = 9.4.1;
						TestTargetID = F7480F6221A1E76B00FFC74C;
					};
					F7480F8121A1E76D00FFC74C = {
						CreatedOnToolsVersion = 9.4.1;
						TestTargetID = F7480F6221A1E76B00FFC74C;
					};
				};
			};
			buildConfigurationList = F7480F5E21A1E76B00FFC74C /* Build configuration list for PBXProject "bankmidtest" */;
			compatibilityVersion = "Xcode 9.3";
			developmentRegion = en;
			hasScannedForEncodings = 0;
			knownRegions = (
				en,
				Base,
			);
			mainGroup = F7480F5A21A1E76B00FFC74C;
			productRefGroup = F7480F6421A1E76B00FFC74C /* Products */;
			projectDirPath = "";
			projectRoot = "";
			targets = (
				F7480F6221A1E76B00FFC74C /* bankmidtest */,
				F7480F7621A1E76D00FFC74C /* bankmidtestTests */,
				F7480F8121A1E76D00FFC74C /* bankmidtestUITests */,
			);
		};
/* End PBXProject section */

/* Begin PBXResourcesBuildPhase section */
		F7480F6121A1E76B00FFC74C /* Resources */ = {
			isa = PBXResourcesBuildPhase;
			buildActionMask = 2147483647;
			files = (
				F7480F7121A1E76D00FFC74C /* LaunchScreen.storyboard in Resources */,
				F7480F6E21A1E76D00FFC74C /* Assets.xcassets in Resources */,
				F7480F6C21A1E76B00FFC74C /* Main.storyboard in Resources */,
			);
			runOnlyForDeploymentPostprocessing = 0;
		};
		F7480F7521A1E76D00FFC74C /* Resources */ = {
			isa = PBXResourcesBuildPhase;
			buildActionMask = 2147483647;
			files = (
			);
			runOnlyForDeploymentPostprocessing = 0;
		};
		F7480F8021A1E76D00FFC74C /* Resources */ = {
			isa = PBXResourcesBuildPhase;
			buildActionMask = 2147483647;
			files = (
			);
			runOnlyForDeploymentPostprocessing = 0;
		};
/* End PBXResourcesBuildPhase section */

/* Begin PBXShellScriptBuildPhase section */
		24AA4F21E3C5D00758827D38 /* [CP] Check Pods Manifest.lock */ = {
			isa = PBXShellScriptBuildPhase;
			buildActionMask = 2147483647;
			files = (
			);
			inputPaths = (
				"${PODS_PODFILE_DIR_PATH}/Podfile.lock",
				"${PODS_ROOT}/Manifest.lock",
			);
			name = "[CP] Check Pods Manifest.lock";
			outputPaths = (
				"$(DERIVED_FILE_DIR)/Pods-bankmidtestUITests-checkManifestLockResult.txt",
			);
			runOnlyForDeploymentPostprocessing = 0;
			shellPath = /bin/sh;
			shellScript = "diff \"${PODS_PODFILE_DIR_PATH}/Podfile.lock\" \"${PODS_ROOT}/Manifest.lock\" > /dev/null\nif [ $? != 0 ] ; then\n    # print error to STDERR\n    echo \"error: The sandbox is not in sync with the Podfile.lock. Run 'pod install' or update your CocoaPods installation.\" >&2\n    exit 1\nfi\n# This output is used by Xcode 'outputs' to avoid re-running this script phase.\necho \"SUCCESS\" > \"${SCRIPT_OUTPUT_FILE_0}\"\n";
			showEnvVarsInLog = 0;
		};
		73ECE0D9FFF1DFADC1807841 /* [CP] Embed Pods Frameworks */ = {
			isa = PBXShellScriptBuildPhase;
			buildActionMask = 2147483647;
			files = (
			);
			inputPaths = (
				"${SRCROOT}/Pods/Target Support Files/Pods-bankmidtest/Pods-bankmidtest-frameworks.sh",
				"${BUILT_PRODUCTS_DIR}/CryptoSwift/CryptoSwift.framework",
				"${BUILT_PRODUCTS_DIR}/SwiftSocket/SwiftSocket.framework",
			);
			name = "[CP] Embed Pods Frameworks";
			outputPaths = (
				"${TARGET_BUILD_DIR}/${FRAMEWORKS_FOLDER_PATH}/CryptoSwift.framework",
				"${TARGET_BUILD_DIR}/${FRAMEWORKS_FOLDER_PATH}/SwiftSocket.framework",
			);
			runOnlyForDeploymentPostprocessing = 0;
			shellPath = /bin/sh;
			shellScript = "\"${SRCROOT}/Pods/Target Support Files/Pods-bankmidtest/Pods-bankmidtest-frameworks.sh\"\n";
			showEnvVarsInLog = 0;
		};
		7F17D4E88F7A96DFC24DBEB4 /* [CP] Check Pods Manifest.lock */ = {
			isa = PBXShellScriptBuildPhase;
			buildActionMask = 2147483647;
			files = (
			);
			inputPaths = (
				"${PODS_PODFILE_DIR_PATH}/Podfile.lock",
				"${PODS_ROOT}/Manifest.lock",
			);
			name = "[CP] Check Pods Manifest.lock";
			outputPaths = (
				"$(DERIVED_FILE_DIR)/Pods-bankmidtestTests-checkManifestLockResult.txt",
			);
			runOnlyForDeploymentPostprocessing = 0;
			shellPath = /bin/sh;
			shellScript = "diff \"${PODS_PODFILE_DIR_PATH}/Podfile.lock\" \"${PODS_ROOT}/Manifest.lock\" > /dev/null\nif [ $? != 0 ] ; then\n    # print error to STDERR\n    echo \"error: The sandbox is not in sync with the Podfile.lock. Run 'pod install' or update your CocoaPods installation.\" >&2\n    exit 1\nfi\n# This output is used by Xcode 'outputs' to avoid re-running this script phase.\necho \"SUCCESS\" > \"${SCRIPT_OUTPUT_FILE_0}\"\n";
			showEnvVarsInLog = 0;
		};
		D00BED7310349E2A5C3DD242 /* [CP] Check Pods Manifest.lock */ = {
			isa = PBXShellScriptBuildPhase;
			buildActionMask = 2147483647;
			files = (
			);
			inputPaths = (
				"${PODS_PODFILE_DIR_PATH}/Podfile.lock",
				"${PODS_ROOT}/Manifest.lock",
			);
			name = "[CP] Check Pods Manifest.lock";
			outputPaths = (
				"$(DERIVED_FILE_DIR)/Pods-bankmidtest-checkManifestLockResult.txt",
			);
			runOnlyForDeploymentPostprocessing = 0;
			shellPath = /bin/sh;
			shellScript = "diff \"${PODS_PODFILE_DIR_PATH}/Podfile.lock\" \"${PODS_ROOT}/Manifest.lock\" > /dev/null\nif [ $? != 0 ] ; then\n    # print error to STDERR\n    echo \"error: The sandbox is not in sync with the Podfile.lock. Run 'pod install' or update your CocoaPods installation.\" >&2\n    exit 1\nfi\n# This output is used by Xcode 'outputs' to avoid re-running this script phase.\necho \"SUCCESS\" > \"${SCRIPT_OUTPUT_FILE_0}\"\n";
			showEnvVarsInLog = 0;
		};
/* End PBXShellScriptBuildPhase section */

/* Begin PBXSourcesBuildPhase section */
		F7480F5F21A1E76B00FFC74C /* Sources */ = {
			isa = PBXSourcesBuildPhase;
			buildActionMask = 2147483647;
			files = (
				F707421121A4DCB800201115 /* LoginViewController.swift in Sources */,
				F7480F9521A1E7B300FFC74C /* ClientRequestHandler.swift in Sources */,
				F7480F6921A1E76B00FFC74C /* ViewController.swift in Sources */,
				F79EC3B021A20723005C10AF /* Requestor.swift in Sources */,
				F79EC3AD21A2039C005C10AF /* Marshaller.swift in Sources */,
				F79EC3B421A2FCBA005C10AF /* Constants.swift in Sources */,
				F79EC3B621A397DE005C10AF /* Cryptografer.swift in Sources */,
				F79EC3B221A2FC72005C10AF /* BankProxy.swift in Sources */,
				F7480F6721A1E76B00FFC74C /* AppDelegate.swift in Sources */,
			);
			runOnlyForDeploymentPostprocessing = 0;
		};
		F7480F7321A1E76D00FFC74C /* Sources */ = {
			isa = PBXSourcesBuildPhase;
			buildActionMask = 2147483647;
			files = (
				F7480F7C21A1E76D00FFC74C /* bankmidtestTests.swift in Sources */,
			);
			runOnlyForDeploymentPostprocessing = 0;
		};
		F7480F7E21A1E76D00FFC74C /* Sources */ = {
			isa = PBXSourcesBuildPhase;
			buildActionMask = 2147483647;
			files = (
				F7480F8721A1E76D00FFC74C /* bankmidtestUITests.swift in Sources */,
			);
			runOnlyForDeploymentPostprocessing = 0;
		};
/* End PBXSourcesBuildPhase section */

/* Begin PBXTargetDependency section */
		F7480F7921A1E76D00FFC74C /* PBXTargetDependency */ = {
			isa = PBXTargetDependency;
			target = F7480F6221A1E76B00FFC74C /* bankmidtest */;
			targetProxy = F7480F7821A1E76D00FFC74C /* PBXContainerItemProxy */;
		};
		F7480F8421A1E76D00FFC74C /* PBXTargetDependency */ = {
			isa = PBXTargetDependency;
			target = F7480F6221A1E76B00FFC74C /* bankmidtest */;
			targetProxy = F7480F8321A1E76D00FFC74C /* PBXContainerItemProxy */;
		};
/* End PBXTargetDependency section */

/* Begin PBXVariantGroup section */
		F7480F6A21A1E76B00FFC74C /* Main.storyboard */ = {
			isa = PBXVariantGroup;
			children = (
				F7480F6B21A1E76B00FFC74C /* Base */,
			);
			name = Main.storyboard;
			sourceTree = "<group>";
		};
		F7480F6F21A1E76D00FFC74C /* LaunchScreen.storyboard */ = {
			isa = PBXVariantGroup;
			children = (
				F7480F7021A1E76D00FFC74C /* Base */,
			);
			name = LaunchScreen.storyboard;
			sourceTree = "<group>";
		};
/* End PBXVariantGroup section */

/* Begin XCBuildConfiguration section */
		F7480F8921A1E76D00FFC74C /* Debug */ = {
			isa = XCBuildConfiguration;
			buildSettings = {
				ALWAYS_SEARCH_USER_PATHS = NO;
				CLANG_ANALYZER_NONNULL = YES;
				CLANG_ANALYZER_NUMBER_OBJECT_CONVERSION = YES_AGGRESSIVE;
				CLANG_CXX_LANGUAGE_STANDARD = "gnu++14";
				CLANG_CXX_LIBRARY = "libc++";
				CLANG_ENABLE_MODULES = YES;
				CLANG_ENABLE_OBJC_ARC = YES;
				CLANG_ENABLE_OBJC_WEAK = YES;
				CLANG_WARN_BLOCK_CAPTURE_AUTORELEASING = YES;
				CLANG_WARN_BOOL_CONVERSION = YES;
				CLANG_WARN_COMMA = YES;
				CLANG_WARN_CONSTANT_CONVERSION = YES;
				CLANG_WARN_DEPRECATED_OBJC_IMPLEMENTATIONS = YES;
				CLANG_WARN_DIRECT_OBJC_ISA_USAGE = YES_ERROR;
				CLANG_WARN_DOCUMENTATION_COMMENTS = YES;
				CLANG_WARN_EMPTY_BODY = YES;
				CLANG_WARN_ENUM_CONVERSION = YES;
				CLANG_WARN_INFINITE_RECURSION = YES;
				CLANG_WARN_INT_CONVERSION = YES;
				CLANG_WARN_NON_LITERAL_NULL_CONVERSION = YES;
				CLANG_WARN_OBJC_IMPLICIT_RETAIN_SELF = YES;
				CLANG_WARN_OBJC_LITERAL_CONVERSION = YES;
				CLANG_WARN_OBJC_ROOT_CLASS = YES_ERROR;
				CLANG_WARN_RANGE_LOOP_ANALYSIS = YES;
				CLANG_WARN_STRICT_PROTOTYPES = YES;
				CLANG_WARN_SUSPICIOUS_MOVE = YES;
				CLANG_WARN_UNGUARDED_AVAILABILITY = YES_AGGRESSIVE;
				CLANG_WARN_UNREACHABLE_CODE = YES;
				CLANG_WARN__DUPLICATE_METHOD_MATCH = YES;
				CODE_SIGN_IDENTITY = "iPhone Developer";
				COPY_PHASE_STRIP = NO;
				DEBUG_INFORMATION_FORMAT = dwarf;
				ENABLE_STRICT_OBJC_MSGSEND = YES;
				ENABLE_TESTABILITY = YES;
				GCC_C_LANGUAGE_STANDARD = gnu11;
				GCC_DYNAMIC_NO_PIC = NO;
				GCC_NO_COMMON_BLOCKS = YES;
				GCC_OPTIMIZATION_LEVEL = 0;
				GCC_PREPROCESSOR_DEFINITIONS = (
					"DEBUG=1",
					"$(inherited)",
				);
				GCC_WARN_64_TO_32_BIT_CONVERSION = YES;
				GCC_WARN_ABOUT_RETURN_TYPE = YES_ERROR;
				GCC_WARN_UNDECLARED_SELECTOR = YES;
				GCC_WARN_UNINITIALIZED_AUTOS = YES_AGGRESSIVE;
				GCC_WARN_UNUSED_FUNCTION = YES;
				GCC_WARN_UNUSED_VARIABLE = YES;
				IPHONEOS_DEPLOYMENT_TARGET = 11.4;
				MTL_ENABLE_DEBUG_INFO = YES;
				ONLY_ACTIVE_ARCH = YES;
				SDKROOT = iphoneos;
				SWIFT_ACTIVE_COMPILATION_CONDITIONS = DEBUG;
				SWIFT_OPTIMIZATION_LEVEL = "-Onone";
			};
			name = Debug;
		};
		F7480F8A21A1E76D00FFC74C /* Release */ = {
			isa = XCBuildConfiguration;
			buildSettings = {
				ALWAYS_SEARCH_USER_PATHS = NO;
				CLANG_ANALYZER_NONNULL = YES;
				CLANG_ANALYZER_NUMBER_OBJECT_CONVERSION = YES_AGGRESSIVE;
				CLANG_CXX_LANGUAGE_STANDARD = "gnu++14";
				CLANG_CXX_LIBRARY = "libc++";
				CLANG_ENABLE_MODULES = YES;
				CLANG_ENABLE_OBJC_ARC = YES;
				CLANG_ENABLE_OBJC_WEAK = YES;
				CLANG_WARN_BLOCK_CAPTURE_AUTORELEASING = YES;
				CLANG_WARN_BOOL_CONVERSION = YES;
				CLANG_WARN_COMMA = YES;
				CLANG_WARN_CONSTANT_CONVERSION = YES;
				CLANG_WARN_DEPRECATED_OBJC_IMPLEMENTATIONS = YES;
				CLANG_WARN_DIRECT_OBJC_ISA_USAGE = YES_ERROR;
				CLANG_WARN_DOCUMENTATION_COMMENTS = YES;
				CLANG_WARN_EMPTY_BODY = YES;
				CLANG_WARN_ENUM_CONVERSION = YES;
				CLANG_WARN_INFINITE_RECURSION = YES;
				CLANG_WARN_INT_CONVERSION = YES;
				CLANG_WARN_NON_LITERAL_NULL_CONVERSION = YES;
				CLANG_WARN_OBJC_IMPLICIT_RETAIN_SELF = YES;
				CLANG_WARN_OBJC_LITERAL_CONVERSION = YES;
				CLANG_WARN_OBJC_ROOT_CLASS = YES_ERROR;
				CLANG_WARN_RANGE_LOOP_ANALYSIS = YES;
				CLANG_WARN_STRICT_PROTOTYPES = YES;
				CLANG_WARN_SUSPICIOUS_MOVE = YES;
				CLANG_WARN_UNGUARDED_AVAILABILITY = YES_AGGRESSIVE;
				CLANG_WARN_UNREACHABLE_CODE = YES;
				CLANG_WARN__DUPLICATE_METHOD_MATCH = YES;
				CODE_SIGN_IDENTITY = "iPhone Developer";
				COPY_PHASE_STRIP = NO;
				DEBUG_INFORMATION_FORMAT = "dwarf-with-dsym";
				ENABLE_NS_ASSERTIONS = NO;
				ENABLE_STRICT_OBJC_MSGSEND = YES;
				GCC_C_LANGUAGE_STANDARD = gnu11;
				GCC_NO_COMMON_BLOCKS = YES;
				GCC_WARN_64_TO_32_BIT_CONVERSION = YES;
				GCC_WARN_ABOUT_RETURN_TYPE = YES_ERROR;
				GCC_WARN_UNDECLARED_SELECTOR = YES;
				GCC_WARN_UNINITIALIZED_AUTOS = YES_AGGRESSIVE;
				GCC_WARN_UNUSED_FUNCTION = YES;
				GCC_WARN_UNUSED_VARIABLE = YES;
				IPHONEOS_DEPLOYMENT_TARGET = 11.4;
				MTL_ENABLE_DEBUG_INFO = NO;
				SDKROOT = iphoneos;
				SWIFT_COMPILATION_MODE = wholemodule;
				SWIFT_OPTIMIZATION_LEVEL = "-O";
				VALIDATE_PRODUCT = YES;
			};
			name = Release;
		};
		F7480F8C21A1E76D00FFC74C /* Debug */ = {
			isa = XCBuildConfiguration;
			baseConfigurationReference = E060F61AA5B12D172D3E2D23 /* Pods-bankmidtest.debug.xcconfig */;
			buildSettings = {
				ASSETCATALOG_COMPILER_APPICON_NAME = AppIcon;
				CODE_SIGN_STYLE = Automatic;
				DEVELOPMENT_TEAM = 7KVWXUCE6H;
				INFOPLIST_FILE = bankmidtest/Info.plist;
				LD_RUNPATH_SEARCH_PATHS = (
					"$(inherited)",
					"@executable_path/Frameworks",
				);
				PRODUCT_BUNDLE_IDENTIFIER = ddsds.bankmidtest;
				PRODUCT_NAME = "$(TARGET_NAME)";
				SWIFT_VERSION = 4.0;
				TARGETED_DEVICE_FAMILY = "1,2";
			};
			name = Debug;
		};
		F7480F8D21A1E76D00FFC74C /* Release */ = {
			isa = XCBuildConfiguration;
			baseConfigurationReference = ABAC7C67E8E25902DFD99F29 /* Pods-bankmidtest.release.xcconfig */;
			buildSettings = {
				ASSETCATALOG_COMPILER_APPICON_NAME = AppIcon;
				CODE_SIGN_STYLE = Automatic;
				DEVELOPMENT_TEAM = 7KVWXUCE6H;
				INFOPLIST_FILE = bankmidtest/Info.plist;
				LD_RUNPATH_SEARCH_PATHS = (
					"$(inherited)",
					"@executable_path/Frameworks",
				);
				PRODUCT_BUNDLE_IDENTIFIER = ddsds.bankmidtest;
				PRODUCT_NAME = "$(TARGET_NAME)";
				SWIFT_VERSION = 4.0;
				TARGETED_DEVICE_FAMILY = "1,2";
			};
			name = Release;
		};
		F7480F8F21A1E76D00FFC74C /* Debug */ = {
			isa = XCBuildConfiguration;
			baseConfigurationReference = 2AD56BDE2A619BE061B5E0D4 /* Pods-bankmidtestTests.debug.xcconfig */;
			buildSettings = {
				ALWAYS_EMBED_SWIFT_STANDARD_LIBRARIES = YES;
				BUNDLE_LOADER = "$(TEST_HOST)";
				CODE_SIGN_STYLE = Automatic;
				DEVELOPMENT_TEAM = 7KVWXUCE6H;
				INFOPLIST_FILE = bankmidtestTests/Info.plist;
				LD_RUNPATH_SEARCH_PATHS = (
					"$(inherited)",
					"@executable_path/Frameworks",
					"@loader_path/Frameworks",
				);
				PRODUCT_BUNDLE_IDENTIFIER = ddsds.bankmidtestTests;
				PRODUCT_NAME = "$(TARGET_NAME)";
				SWIFT_VERSION = 4.0;
				TARGETED_DEVICE_FAMILY = "1,2";
				TEST_HOST = "$(BUILT_PRODUCTS_DIR)/bankmidtest.app/bankmidtest";
			};
			name = Debug;
		};
		F7480F9021A1E76D00FFC74C /* Release */ = {
			isa = XCBuildConfiguration;
			baseConfigurationReference = DCC5C9743056BB1A9880ABDA /* Pods-bankmidtestTests.release.xcconfig */;
			buildSettings = {
				ALWAYS_EMBED_SWIFT_STANDARD_LIBRARIES = YES;
				BUNDLE_LOADER = "$(TEST_HOST)";
				CODE_SIGN_STYLE = Automatic;
				DEVELOPMENT_TEAM = 7KVWXUCE6H;
				INFOPLIST_FILE = bankmidtestTests/Info.plist;
				LD_RUNPATH_SEARCH_PATHS = (
					"$(inherited)",
					"@executable_path/Frameworks",
					"@loader_path/Frameworks",
				);
				PRODUCT_BUNDLE_IDENTIFIER = ddsds.bankmidtestTests;
				PRODUCT_NAME = "$(TARGET_NAME)";
				SWIFT_VERSION = 4.0;
				TARGETED_DEVICE_FAMILY = "1,2";
				TEST_HOST = "$(BUILT_PRODUCTS_DIR)/bankmidtest.app/bankmidtest";
			};
			name = Release;
		};
		F7480F9221A1E76D00FFC74C /* Debug */ = {
			isa = XCBuildConfiguration;
			baseConfigurationReference = 29640EFC4D9ADF5376EB2850 /* Pods-bankmidtestUITests.debug.xcconfig */;
			buildSettings = {
				ALWAYS_EMBED_SWIFT_STANDARD_LIBRARIES = YES;
				CODE_SIGN_STYLE = Automatic;
				DEVELOPMENT_TEAM = 7KVWXUCE6H;
				INFOPLIST_FILE = bankmidtestUITests/Info.plist;
				LD_RUNPATH_SEARCH_PATHS = (
					"$(inherited)",
					"@executable_path/Frameworks",
					"@loader_path/Frameworks",
				);
				PRODUCT_BUNDLE_IDENTIFIER = ddsds.bankmidtestUITests;
				PRODUCT_NAME = "$(TARGET_NAME)";
				SWIFT_VERSION = 4.0;
				TARGETED_DEVICE_FAMILY = "1,2";
				TEST_TARGET_NAME = bankmidtest;
			};
			name = Debug;
		};
		F7480F9321A1E76D00FFC74C /* Release */ = {
			isa = XCBuildConfiguration;
			baseConfigurationReference = 7A0857AED54224B2D44650DC /* Pods-bankmidtestUITests.release.xcconfig */;
			buildSettings = {
				ALWAYS_EMBED_SWIFT_STANDARD_LIBRARIES = YES;
				CODE_SIGN_STYLE = Automatic;
				DEVELOPMENT_TEAM = 7KVWXUCE6H;
				INFOPLIST_FILE = bankmidtestUITests/Info.plist;
				LD_RUNPATH_SEARCH_PATHS = (
					"$(inherited)",
					"@executable_path/Frameworks",
					"@loader_path/Frameworks",
				);
				PRODUCT_BUNDLE_IDENTIFIER = ddsds.bankmidtestUITests;
				PRODUCT_NAME = "$(TARGET_NAME)";
				SWIFT_VERSION = 4.0;
				TARGETED_DEVICE_FAMILY = "1,2";
				TEST_TARGET_NAME = bankmidtest;
			};
			name = Release;
		};
/* End XCBuildConfiguration section */

/* Begin XCConfigurationList section */
		F7480F5E21A1E76B00FFC74C /* Build configuration list for PBXProject "bankmidtest" */ = {
			isa = XCConfigurationList;
			buildConfigurations = (
				F7480F8921A1E76D00FFC74C /* Debug */,
				F7480F8A21A1E76D00FFC74C /* Release */,
			);
			defaultConfigurationIsVisible = 0;
			defaultConfigurationName = Release;
		};
		F7480F8B21A1E76D00FFC74C /* Build configuration list for PBXNativeTarget "bankmidtest" */ = {
			isa = XCConfigurationList;
			buildConfigurations = (
				F7480F8C21A1E76D00FFC74C /* Debug */,
				F7480F8D21A1E76D00FFC74C /* Release */,
			);
			defaultConfigurationIsVisible = 0;
			defaultConfigurationName = Release;
		};
		F7480F8E21A1E76D00FFC74C /* Build configuration list for PBXNativeTarget "bankmidtestTests" */ = {
			isa = XCConfigurationList;
			buildConfigurations = (
				F7480F8F21A1E76D00FFC74C /* Debug */,
				F7480F9021A1E76D00FFC74C /* Release */,
			);
			defaultConfigurationIsVisible = 0;
			defaultConfigurationName = Release;
		};
		F7480F9121A1E76D00FFC74C /* Build configuration list for PBXNativeTarget "bankmidtestUITests" */ = {
			isa = XCConfigurationList;
			buildConfigurations = (
				F7480F9221A1E76D00FFC74C /* Debug */,
				F7480F9321A1E76D00FFC74C /* Release */,
			);
			defaultConfigurationIsVisible = 0;
			defaultConfigurationName = Release;
		};
/* End XCConfigurationList section */
	};
	rootObject = F7480F5B21A1E76B00FFC74C /* Project object */;
}
